
Microsoft Visual Studio Solution File, Format Version 12.00
# Visual Studio Version 17
VisualStudioVersion = 17.5.33516.290
MinimumVisualStudioVersion = 10.0.40219.1
Project("{9A19103F-16F7-4668-BE54-9A1E7A4F7556}") = "oop4_1", "oop4_1\oop4_1.csproj", "{94F41D04-03A8-4096-ADDB-33AB3841B0C2}"
EndProject
Global
	GlobalSection(SolutionConfigurationPlatforms) = preSolution
		Debug|Any CPU = Debug|Any CPU
		Release|Any CPU = Release|Any CPU
	EndGlobalSection
	GlobalSection(ProjectConfigurationPlatforms) = postSolution
		{94F41D04-03A8-4096-ADDB-33AB3841B0C2}.Debug|Any CPU.ActiveCfg = Debug|Any CPU
		{94F41D04-03A8-4096-ADDB-33AB3841B0C2}.Debug|Any CPU.Build.0 = Debug|Any CPU
		{94F41D04-03A8-4096-ADDB-33AB3841B0C2}.Release|Any CPU.ActiveCfg = Release|Any CPU
		{94F41D04-03A8-4096-ADDB-33AB3841B0C2}.Release|Any CPU.Build.0 = Release|Any CPU
	EndGlobalSection
	GlobalSection(SolutionProperties) = preSolution
		HideSolutionNode = FALSE
	EndGlobalSection
	GlobalSection(ExtensibilityGlobals) = postSolution
		SolutionGuid = {03C6A2EC-E20B-47EF-A4A6-334B4C9F473D}
	EndGlobalSection
EndGlobal
